// !$*UTF8*$!
{
	archiveVersion = 1;
	classes = {
	};
	objectVersion = 50;
	objects = {

/* Begin PBXBuildFile section */
		6015B8A826E2048E00676FD2 /* AppDelegate.swift in Sources */ = {isa = PBXBuildFile; fileRef = 6015B8A726E2048E00676FD2 /* AppDelegate.swift */; };
		6015B8AA26E2048E00676FD2 /* SceneDelegate.swift in Sources */ = {isa = PBXBuildFile; fileRef = 6015B8A926E2048E00676FD2 /* SceneDelegate.swift */; };
		6015B8AC26E2048E00676FD2 /* TimerViewController.swift in Sources */ = {isa = PBXBuildFile; fileRef = 6015B8AB26E2048E00676FD2 /* TimerViewController.swift */; };
		6015B8AF26E2048E00676FD2 /* Main.storyboard in Resources */ = {isa = PBXBuildFile; fileRef = 6015B8AD26E2048E00676FD2 /* Main.storyboard */; };
		6015B8B126E2049500676FD2 /* Assets.xcassets in Resources */ = {isa = PBXBuildFile; fileRef = 6015B8B026E2049500676FD2 /* Assets.xcassets */; };
		6015B8B426E2049500676FD2 /* LaunchScreen.storyboard in Resources */ = {isa = PBXBuildFile; fileRef = 6015B8B226E2049500676FD2 /* LaunchScreen.storyboard */; };
		6015B8C426E28F8F00676FD2 /* AddTimerCell.swift in Sources */ = {isa = PBXBuildFile; fileRef = 6015B8C326E28F8F00676FD2 /* AddTimerCell.swift */; };
		6015B8C826E2965900676FD2 /* CALayerExtension.swift in Sources */ = {isa = PBXBuildFile; fileRef = 6015B8C726E2965900676FD2 /* CALayerExtension.swift */; };
		6015B8CC26E3A95700676FD2 /* TimerModel.swift in Sources */ = {isa = PBXBuildFile; fileRef = 6015B8CB26E3A95700676FD2 /* TimerModel.swift */; };
		6015B8CE26E3B40400676FD2 /* TimerCell.swift in Sources */ = {isa = PBXBuildFile; fileRef = 6015B8CD26E3B40400676FD2 /* TimerCell.swift */; };
		6015B8D026E3BA0800676FD2 /* ValidTimer.swift in Sources */ = {isa = PBXBuildFile; fileRef = 6015B8CF26E3BA0800676FD2 /* ValidTimer.swift */; };
/* End PBXBuildFile section */

/* Begin PBXFileReference section */
		6015B8A426E2048E00676FD2 /* SferaTest.app */ = {isa = PBXFileReference; explicitFileType = wrapper.application; includeInIndex = 0; path = SferaTest.app; sourceTree = BUILT_PRODUCTS_DIR; };
		6015B8A726E2048E00676FD2 /* AppDelegate.swift */ = {isa = PBXFileReference; lastKnownFileType = sourcecode.swift; path = AppDelegate.swift; sourceTree = "<group>"; };
		6015B8A926E2048E00676FD2 /* SceneDelegate.swift */ = {isa = PBXFileReference; lastKnownFileType = sourcecode.swift; path = SceneDelegate.swift; sourceTree = "<group>"; };
		6015B8AB26E2048E00676FD2 /* TimerViewController.swift */ = {isa = PBXFileReference; lastKnownFileType = sourcecode.swift; path = TimerViewController.swift; sourceTree = "<group>"; };
		6015B8AE26E2048E00676FD2 /* Base */ = {isa = PBXFileReference; lastKnownFileType = file.storyboard; name = Base; path = Base.lproj/Main.storyboard; sourceTree = "<group>"; };
		6015B8B026E2049500676FD2 /* Assets.xcassets */ = {isa = PBXFileReference; lastKnownFileType = folder.assetcatalog; path = Assets.xcassets; sourceTree = "<group>"; };
		6015B8B326E2049500676FD2 /* Base */ = {isa = PBXFileReference; lastKnownFileType = file.storyboard; name = Base; path = Base.lproj/LaunchScreen.storyboard; sourceTree = "<group>"; };
		6015B8B526E2049500676FD2 /* Info.plist */ = {isa = PBXFileReference; lastKnownFileType = text.plist.xml; path = Info.plist; sourceTree = "<group>"; };
		6015B8C326E28F8F00676FD2 /* AddTimerCell.swift */ = {isa = PBXFileReference; lastKnownFileType = sourcecode.swift; path = AddTimerCell.swift; sourceTree = "<group>"; };
		6015B8C726E2965900676FD2 /* CALayerExtension.swift */ = {isa = PBXFileReference; lastKnownFileType = sourcecode.swift; path = CALayerExtension.swift; sourceTree = "<group>"; };
		6015B8CB26E3A95700676FD2 /* TimerModel.swift */ = {isa = PBXFileReference; lastKnownFileType = sourcecode.swift; path = TimerModel.swift; sourceTree = "<group>"; };
		6015B8CD26E3B40400676FD2 /* TimerCell.swift */ = {isa = PBXFileReference; lastKnownFileType = sourcecode.swift; path = TimerCell.swift; sourceTree = "<group>"; };
		6015B8CF26E3BA0800676FD2 /* ValidTimer.swift */ = {isa = PBXFileReference; lastKnownFileType = sourcecode.swift; path = ValidTimer.swift; sourceTree = "<group>"; };
/* End PBXFileReference section */

/* Begin PBXFrameworksBuildPhase section */
		6015B8A126E2048E00676FD2 /* Frameworks */ = {
			isa = PBXFrameworksBuildPhase;
			buildActionMask = 2147483647;
			files = (
			);
			runOnlyForDeploymentPostprocessing = 0;
		};
/* End PBXFrameworksBuildPhase section */

/* Begin PBXGroup section */
		6015B89B26E2048E00676FD2 = {
			isa = PBXGroup;
			children = (
				6015B8A626E2048E00676FD2 /* SferaTest */,
				6015B8A526E2048E00676FD2 /* Products */,
			);
			sourceTree = "<group>";
		};
		6015B8A526E2048E00676FD2 /* Products */ = {
			isa = PBXGroup;
			children = (
				6015B8A426E2048E00676FD2 /* SferaTest.app */,
			);
			name = Products;
			sourceTree = "<group>";
		};
		6015B8A626E2048E00676FD2 /* SferaTest */ = {
			isa = PBXGroup;
			children = (
				6015B8BB26E204B300676FD2 /* Application */,
				6015B8BF26E2050A00676FD2 /* Timer */,
			);
			path = SferaTest;
			sourceTree = "<group>";
		};
		6015B8BB26E204B300676FD2 /* Application */ = {
			isa = PBXGroup;
			children = (
				6015B8BE26E204E500676FD2 /* SupportingFiles */,
				6015B8BD26E204D000676FD2 /* View */,
				6015B8BC26E204C000676FD2 /* Controller */,
			);
			path = Application;
			sourceTree = "<group>";
		};
		6015B8BC26E204C000676FD2 /* Controller */ = {
			isa = PBXGroup;
			children = (
				6015B8A726E2048E00676FD2 /* AppDelegate.swift */,
				6015B8A926E2048E00676FD2 /* SceneDelegate.swift */,
			);
			path = Controller;
			sourceTree = "<group>";
		};
		6015B8BD26E204D000676FD2 /* View */ = {
			isa = PBXGroup;
			children = (
				6015B8AD26E2048E00676FD2 /* Main.storyboard */,
				6015B8B226E2049500676FD2 /* LaunchScreen.storyboard */,
			);
			path = View;
			sourceTree = "<group>";
		};
		6015B8BE26E204E500676FD2 /* SupportingFiles */ = {
			isa = PBXGroup;
			children = (
				6015B8B026E2049500676FD2 /* Assets.xcassets */,
				6015B8B526E2049500676FD2 /* Info.plist */,
			);
			path = SupportingFiles;
			sourceTree = "<group>";
		};
		6015B8BF26E2050A00676FD2 /* Timer */ = {
			isa = PBXGroup;
			children = (
				6015B8D126E4025600676FD2 /* SupportingFiles */,
				6015B8C226E2051C00676FD2 /* Model */,
				6015B8C126E2051600676FD2 /* View */,
				6015B8C026E2051100676FD2 /* Controller */,
			);
			path = Timer;
			sourceTree = "<group>";
		};
		6015B8C026E2051100676FD2 /* Controller */ = {
			isa = PBXGroup;
			children = (
				6015B8AB26E2048E00676FD2 /* TimerViewController.swift */,
			);
			path = Controller;
			sourceTree = "<group>";
		};
		6015B8C126E2051600676FD2 /* View */ = {
			isa = PBXGroup;
			children = (
				6015B8C326E28F8F00676FD2 /* AddTimerCell.swift */,
				6015B8CD26E3B40400676FD2 /* TimerCell.swift */,
			);
			path = View;
			sourceTree = "<group>";
		};
		6015B8C226E2051C00676FD2 /* Model */ = {
			isa = PBXGroup;
			children = (
				6015B8CB26E3A95700676FD2 /* TimerModel.swift */,
				6015B8CF26E3BA0800676FD2 /* ValidTimer.swift */,
			);
			path = Model;
			sourceTree = "<group>";
		};
		6015B8D126E4025600676FD2 /* SupportingFiles */ = {
			isa = PBXGroup;
			children = (
				6015B8C726E2965900676FD2 /* CALayerExtension.swift */,
			);
			path = SupportingFiles;
			sourceTree = "<group>";
		};
/* End PBXGroup section */

/* Begin PBXNativeTarget section */
		6015B8A326E2048E00676FD2 /* SferaTest */ = {
			isa = PBXNativeTarget;
			buildConfigurationList = 6015B8B826E2049500676FD2 /* Build configuration list for PBXNativeTarget "SferaTest" */;
			buildPhases = (
				6015B8A026E2048E00676FD2 /* Sources */,
				6015B8A126E2048E00676FD2 /* Frameworks */,
				6015B8A226E2048E00676FD2 /* Resources */,
			);
			buildRules = (
			);
			dependencies = (
			);
			name = SferaTest;
			productName = SferaTest;
			productReference = 6015B8A426E2048E00676FD2 /* SferaTest.app */;
			productType = "com.apple.product-type.application";
		};
/* End PBXNativeTarget section */

/* Begin PBXProject section */
		6015B89C26E2048E00676FD2 /* Project object */ = {
			isa = PBXProject;
			attributes = {
				LastSwiftUpdateCheck = 1250;
				LastUpgradeCheck = 1250;
				TargetAttributes = {
					6015B8A326E2048E00676FD2 = {
						CreatedOnToolsVersion = 12.5.1;
					};
				};
			};
			buildConfigurationList = 6015B89F26E2048E00676FD2 /* Build configuration list for PBXProject "SferaTest" */;
			compatibilityVersion = "Xcode 9.3";
			developmentRegion = en;
			hasScannedForEncodings = 0;
			knownRegions = (
				en,
				Base,
			);
			mainGroup = 6015B89B26E2048E00676FD2;
			productRefGroup = 6015B8A526E2048E00676FD2 /* Products */;
			projectDirPath = "";
			projectRoot = "";
			targets = (
				6015B8A326E2048E00676FD2 /* SferaTest */,
			);
		};
/* End PBXProject section */

/* Begin PBXResourcesBuildPhase section */
		6015B8A226E2048E00676FD2 /* Resources */ = {
			isa = PBXResourcesBuildPhase;
			buildActionMask = 2147483647;
			files = (
				6015B8B426E2049500676FD2 /* LaunchScreen.storyboard in Resources */,
				6015B8B126E2049500676FD2 /* Assets.xcassets in Resources */,
				6015B8AF26E2048E00676FD2 /* Main.storyboard in Resources */,
			);
			runOnlyForDeploymentPostprocessing = 0;
		};
/* End PBXResourcesBuildPhase section */

/* Begin PBXSourcesBuildPhase section */
		6015B8A026E2048E00676FD2 /* Sources */ = {
			isa = PBXSourcesBuildPhase;
			buildActionMask = 2147483647;
			files = (
				6015B8CE26E3B40400676FD2 /* TimerCell.swift in Sources */,
				6015B8AC26E2048E00676FD2 /* TimerViewController.swift in Sources */,
				6015B8A826E2048E00676FD2 /* AppDelegate.swift in Sources */,
				6015B8AA26E2048E00676FD2 /* SceneDelegate.swift in Sources */,
				6015B8D026E3BA0800676FD2 /* ValidTimer.swift in Sources */,
				6015B8CC26E3A95700676FD2 /* TimerModel.swift in Sources */,
				6015B8C826E2965900676FD2 /* CALayerExtension.swift in Sources */,
				6015B8C426E28F8F00676FD2 /* AddTimerCell.swift in Sources */,
			);
			runOnlyForDeploymentPostprocessing = 0;
		};
/* End PBXSourcesBuildPhase section */

/* Begin PBXVariantGroup section */
		6015B8AD26E2048E00676FD2 /* Main.storyboard */ = {
			isa = PBXVariantGroup;
			children = (
				6015B8AE26E2048E00676FD2 /* Base */,
			);
			name = Main.storyboard;
			sourceTree = "<group>";
		};
		6015B8B226E2049500676FD2 /* LaunchScreen.storyboard */ = {
			isa = PBXVariantGroup;
			children = (
				6015B8B326E2049500676FD2 /* Base */,
			);
			name = LaunchScreen.storyboard;
			sourceTree = "<group>";
		};
/* End PBXVariantGroup section */

/* Begin XCBuildConfiguration section */
		6015B8B626E2049500676FD2 /* Debug */ = {
			isa = XCBuildConfiguration;
			buildSettings = {
				ALWAYS_SEARCH_USER_PATHS = NO;
				CLANG_ANALYZER_NONNULL = YES;
				CLANG_ANALYZER_NUMBER_OBJECT_CONVERSION = YES_AGGRESSIVE;
				CLANG_CXX_LANGUAGE_STANDARD = "gnu++14";
				CLANG_CXX_LIBRARY = "libc++";
				CLANG_ENABLE_MODULES = YES;
				CLANG_ENABLE_OBJC_ARC = YES;
				CLANG_ENABLE_OBJC_WEAK = YES;
				CLANG_WARN_BLOCK_CAPTURE_AUTORELEASING = YES;
				CLANG_WARN_BOOL_CONVERSION = YES;
				CLANG_WARN_COMMA = YES;
				CLANG_WARN_CONSTANT_CONVERSION = YES;
				CLANG_WARN_DEPRECATED_OBJC_IMPLEMENTATIONS = YES;
				CLANG_WARN_DIRECT_OBJC_ISA_USAGE = YES_ERROR;
				CLANG_WARN_DOCUMENTATION_COMMENTS = YES;
				CLANG_WARN_EMPTY_BODY = YES;
				CLANG_WARN_ENUM_CONVERSION = YES;
				CLANG_WARN_INFINITE_RECURSION = YES;
				CLANG_WARN_INT_CONVERSION = YES;
				CLANG_WARN_NON_LITERAL_NULL_CONVERSION = YES;
				CLANG_WARN_OBJC_IMPLICIT_RETAIN_SELF = YES;
				CLANG_WARN_OBJC_LITERAL_CONVERSION = YES;
				CLANG_WARN_OBJC_ROOT_CLASS = YES_ERROR;
				CLANG_WARN_QUOTED_INCLUDE_IN_FRAMEWORK_HEADER = YES;
				CLANG_WARN_RANGE_LOOP_ANALYSIS = YES;
				CLANG_WARN_STRICT_PROTOTYPES = YES;
				CLANG_WARN_SUSPICIOUS_MOVE = YES;
				CLANG_WARN_UNGUARDED_AVAILABILITY = YES_AGGRESSIVE;
				CLANG_WARN_UNREACHABLE_CODE = YES;
				CLANG_WARN__DUPLICATE_METHOD_MATCH = YES;
				COPY_PHASE_STRIP = NO;
				DEBUG_INFORMATION_FORMAT = dwarf;
				ENABLE_STRICT_OBJC_MSGSEND = YES;
				ENABLE_TESTABILITY = YES;
				GCC_C_LANGUAGE_STANDARD = gnu11;
				GCC_DYNAMIC_NO_PIC = NO;
				GCC_NO_COMMON_BLOCKS = YES;
				GCC_OPTIMIZATION_LEVEL = 0;
				GCC_PREPROCESSOR_DEFINITIONS = (
					"DEBUG=1",
					"$(inherited)",
				);
				GCC_WARN_64_TO_32_BIT_CONVERSION = YES;
				GCC_WARN_ABOUT_RETURN_TYPE = YES_ERROR;
				GCC_WARN_UNDECLARED_SELECTOR = YES;
				GCC_WARN_UNINITIALIZED_AUTOS = YES_AGGRESSIVE;
				GCC_WARN_UNUSED_FUNCTION = YES;
				GCC_WARN_UNUSED_VARIABLE = YES;
				IPHONEOS_DEPLOYMENT_TARGET = 14.5;
				MTL_ENABLE_DEBUG_INFO = INCLUDE_SOURCE;
				MTL_FAST_MATH = YES;
				ONLY_ACTIVE_ARCH = YES;
				SDKROOT = iphoneos;
				SWIFT_ACTIVE_COMPILATION_CONDITIONS = DEBUG;
				SWIFT_OPTIMIZATION_LEVEL = "-Onone";
			};
			name = Debug;
		};
		6015B8B726E2049500676FD2 /* Release */ = {
			isa = XCBuildConfiguration;
			buildSettings = {
				ALWAYS_SEARCH_USER_PATHS = NO;
				CLANG_ANALYZER_NONNULL = YES;
				CLANG_ANALYZER_NUMBER_OBJECT_CONVERSION = YES_AGGRESSIVE;
				CLANG_CXX_LANGUAGE_STANDARD = "gnu++14";
				CLANG_CXX_LIBRARY = "libc++";
				CLANG_ENABLE_MODULES = YES;
				CLANG_ENABLE_OBJC_ARC = YES;
				CLANG_ENABLE_OBJC_WEAK = YES;
				CLANG_WARN_BLOCK_CAPTURE_AUTORELEASING = YES;
				CLANG_WARN_BOOL_CONVERSION = YES;
				CLANG_WARN_COMMA = YES;
				CLANG_WARN_CONSTANT_CONVERSION = YES;
				CLANG_WARN_DEPRECATED_OBJC_IMPLEMENTATIONS = YES;
				CLANG_WARN_DIRECT_OBJC_ISA_USAGE = YES_ERROR;
				CLANG_WARN_DOCUMENTATION_COMMENTS = YES;
				CLANG_WARN_EMPTY_BODY = YES;
				CLANG_WARN_ENUM_CONVERSION = YES;
				CLANG_WARN_INFINITE_RECURSION = YES;
				CLANG_WARN_INT_CONVERSION = YES;
				CLANG_WARN_NON_LITERAL_NULL_CONVERSION = YES;
				CLANG_WARN_OBJC_IMPLICIT_RETAIN_SELF = YES;
				CLANG_WARN_OBJC_LITERAL_CONVERSION = YES;
				CLANG_WARN_OBJC_ROOT_CLASS = YES_ERROR;
				CLANG_WARN_QUOTED_INCLUDE_IN_FRAMEWORK_HEADER = YES;
				CLANG_WARN_RANGE_LOOP_ANALYSIS = YES;
				CLANG_WARN_STRICT_PROTOTYPES = YES;
				CLANG_WARN_SUSPICIOUS_MOVE = YES;
				CLANG_WARN_UNGUARDED_AVAILABILITY = YES_AGGRESSIVE;
				CLANG_WARN_UNREACHABLE_CODE = YES;
				CLANG_WARN__DUPLICATE_METHOD_MATCH = YES;
				COPY_PHASE_STRIP = NO;
				DEBUG_INFORMATION_FORMAT = "dwarf-with-dsym";
				ENABLE_NS_ASSERTIONS = NO;
				ENABLE_STRICT_OBJC_MSGSEND = YES;
				GCC_C_LANGUAGE_STANDARD = gnu11;
				GCC_NO_COMMON_BLOCKS = YES;
				GCC_WARN_64_TO_32_BIT_CONVERSION = YES;
				GCC_WARN_ABOUT_RETURN_TYPE = YES_ERROR;
				GCC_WARN_UNDECLARED_SELECTOR = YES;
				GCC_WARN_UNINITIALIZED_AUTOS = YES_AGGRESSIVE;
				GCC_WARN_UNUSED_FUNCTION = YES;
				GCC_WARN_UNUSED_VARIABLE = YES;
				IPHONEOS_DEPLOYMENT_TARGET = 14.5;
				MTL_ENABLE_DEBUG_INFO = NO;
				MTL_FAST_MATH = YES;
				SDKROOT = iphoneos;
				SWIFT_COMPILATION_MODE = wholemodule;
				SWIFT_OPTIMIZATION_LEVEL = "-O";
				VALIDATE_PRODUCT = YES;
			};
			name = Release;
		};
		6015B8B926E2049500676FD2 /* Debug */ = {
			isa = XCBuildConfiguration;
			buildSettings = {
				ASSETCATALOG_COMPILER_APPICON_NAME = AppIcon;
				ASSETCATALOG_COMPILER_GLOBAL_ACCENT_COLOR_NAME = AccentColor;
				CODE_SIGN_STYLE = Automatic;
				DEVELOPMENT_TEAM = PLUM5QCSG5;
				INFOPLIST_FILE = "$(SRCROOT)/SferaTest/Application/SupportingFiles/Info.plist";
				LD_RUNPATH_SEARCH_PATHS = (
					"$(inherited)",
					"@executable_path/Frameworks",
				);
				PRODUCT_BUNDLE_IDENTIFIER = Grandschtien.SferaTest;
				PRODUCT_NAME = "$(TARGET_NAME)";
				SWIFT_VERSION = 5.0;
				TARGETED_DEVICE_FAMILY = "1,2";
			};
			name = Debug;
		};
		6015B8BA26E2049500676FD2 /* Release */ = {
			isa = XCBuildConfiguration;
			buildSettings = {
				ASSETCATALOG_COMPILER_APPICON_NAME = AppIcon;
				ASSETCATALOG_COMPILER_GLOBAL_ACCENT_COLOR_NAME = AccentColor;
				CODE_SIGN_STYLE = Automatic;
				DEVELOPMENT_TEAM = PLUM5QCSG5;
				INFOPLIST_FILE = "$(SRCROOT)/SferaTest/Application/SupportingFiles/Info.plist";
				LD_RUNPATH_SEARCH_PATHS = (
					"$(inherited)",
					"@executable_path/Frameworks",
				);
				PRODUCT_BUNDLE_IDENTIFIER = Grandschtien.SferaTest;
				PRODUCT_NAME = "$(TARGET_NAME)";
				SWIFT_VERSION = 5.0;
				TARGETED_DEVICE_FAMILY = "1,2";
			};
			name = Release;
		};
/* End XCBuildConfiguration section */

/* Begin XCConfigurationList section */
		6015B89F26E2048E00676FD2 /* Build configuration list for PBXProject "SferaTest" */ = {
			isa = XCConfigurationList;
			buildConfigurations = (
				6015B8B626E2049500676FD2 /* Debug */,
				6015B8B726E2049500676FD2 /* Release */,
			);
			defaultConfigurationIsVisible = 0;
			defaultConfigurationName = Release;
		};
		6015B8B826E2049500676FD2 /* Build configuration list for PBXNativeTarget "SferaTest" */ = {
			isa = XCConfigurationList;
			buildConfigurations = (
				6015B8B926E2049500676FD2 /* Debug */,
				6015B8BA26E2049500676FD2 /* Release */,
			);
			defaultConfigurationIsVisible = 0;
			defaultConfigurationName = Release;
		};
/* End XCConfigurationList section */
	};
	rootObject = 6015B89C26E2048E00676FD2 /* Project object */;
}
